
Microsoft Visual Studio Solution File, Format Version 12.00
# Visual Studio Version 16
VisualStudioVersion = 16.0.30907.101
MinimumVisualStudioVersion = 10.0.40219.1
Project("{FAE04EC0-301F-11D3-BF4B-00C04F79EFBC}") = "sroth1644_A4", "sroth1644_A4\sroth1644_A4.csproj", "{4CE06887-C9EF-4B2B-9E52-9C9A78C0CFD7}"
EndProject
Global
	GlobalSection(SolutionConfigurationPlatforms) = preSolution
		Debug|Any CPU = Debug|Any CPU
		Release|Any CPU = Release|Any CPU
	EndGlobalSection
	GlobalSection(ProjectConfigurationPlatforms) = postSolution
		{4CE06887-C9EF-4B2B-9E52-9C9A78C0CFD7}.Debug|Any CPU.ActiveCfg = Debug|Any CPU
		{4CE06887-C9EF-4B2B-9E52-9C9A78C0CFD7}.Debug|Any CPU.Build.0 = Debug|Any CPU
		{4CE06887-C9EF-4B2B-9E52-9C9A78C0CFD7}.Release|Any CPU.ActiveCfg = Release|Any CPU
		{4CE06887-C9EF-4B2B-9E52-9C9A78C0CFD7}.Release|Any CPU.Build.0 = Release|Any CPU
	EndGlobalSection
	GlobalSection(SolutionProperties) = preSolution
		HideSolutionNode = FALSE
	EndGlobalSection
	GlobalSection(ExtensibilityGlobals) = postSolution
		SolutionGuid = {16F15129-4365-43E5-A3F1-894A00CEFEBB}
	EndGlobalSection
EndGlobal
